// !$*UTF8*$!
{
	archiveVersion = 1;
	classes = {
	};
	objectVersion = 50;
	objects = {

/* Begin PBXBuildFile section */
		A6D3417A249488A200BFF9EA /* AppDelegate.swift in Sources */ = {isa = PBXBuildFile; fileRef = A6D34179249488A200BFF9EA /* AppDelegate.swift */; };
		A6D3417C249488A200BFF9EA /* SceneDelegate.swift in Sources */ = {isa = PBXBuildFile; fileRef = A6D3417B249488A200BFF9EA /* SceneDelegate.swift */; };
		A6D3417E249488A200BFF9EA /* SepiaToneViewController.swift in Sources */ = {isa = PBXBuildFile; fileRef = A6D3417D249488A200BFF9EA /* SepiaToneViewController.swift */; };
		A6D34181249488A200BFF9EA /* Main.storyboard in Resources */ = {isa = PBXBuildFile; fileRef = A6D3417F249488A200BFF9EA /* Main.storyboard */; };
		A6D34183249488A500BFF9EA /* Assets.xcassets in Resources */ = {isa = PBXBuildFile; fileRef = A6D34182249488A500BFF9EA /* Assets.xcassets */; };
		A6D34186249488A500BFF9EA /* LaunchScreen.storyboard in Resources */ = {isa = PBXBuildFile; fileRef = A6D34184249488A500BFF9EA /* LaunchScreen.storyboard */; };
		A6D348E42494D3C300BFF9EA /* GPUImage.framework in Copy Files */ = {isa = PBXBuildFile; fileRef = A6D347282494D36100BFF9EA /* GPUImage.framework */; settings = {ATTRIBUTES = (CodeSignOnCopy, RemoveHeadersOnCopy, ); }; };
		A6D348E82494D46F00BFF9EA /* fanqie.jpg in Resources */ = {isa = PBXBuildFile; fileRef = A6D348E72494D46F00BFF9EA /* fanqie.jpg */; };
		A6D348EE2495186900BFF9EA /* Filter.storyboard in Resources */ = {isa = PBXBuildFile; fileRef = A6D348ED2495186900BFF9EA /* Filter.storyboard */; };
/* End PBXBuildFile section */

/* Begin PBXContainerItemProxy section */
		A6D347232494D36100BFF9EA /* PBXContainerItemProxy */ = {
			isa = PBXContainerItemProxy;
			containerPortal = A6D3471C2494D36100BFF9EA /* GPUImage.xcodeproj */;
			proxyType = 2;
			remoteGlobalIDString = BC6E7CAB1C39A9D8006DF678;
			remoteInfo = GPUImage_macOS;
		};
		A6D347252494D36100BFF9EA /* PBXContainerItemProxy */ = {
			isa = PBXContainerItemProxy;
			containerPortal = A6D3471C2494D36100BFF9EA /* GPUImage.xcodeproj */;
			proxyType = 2;
			remoteGlobalIDString = BC6E7CB51C39A9D8006DF678;
			remoteInfo = GPUImageTests_macOS;
		};
		A6D347272494D36100BFF9EA /* PBXContainerItemProxy */ = {
			isa = PBXContainerItemProxy;
			containerPortal = A6D3471C2494D36100BFF9EA /* GPUImage.xcodeproj */;
			proxyType = 2;
			remoteGlobalIDString = BC9E34E91E524A2200B8604F;
			remoteInfo = GPUImage_iOS;
		};
		A6D347292494D36100BFF9EA /* PBXContainerItemProxy */ = {
			isa = PBXContainerItemProxy;
			containerPortal = A6D3471C2494D36100BFF9EA /* GPUImage.xcodeproj */;
			proxyType = 2;
			remoteGlobalIDString = BC9E34F11E524A2200B8604F;
			remoteInfo = GPUImageTests_iOS;
		};
		A6D348E52494D3E300BFF9EA /* PBXContainerItemProxy */ = {
			isa = PBXContainerItemProxy;
			containerPortal = A6D3471C2494D36100BFF9EA /* GPUImage.xcodeproj */;
			proxyType = 1;
			remoteGlobalIDString = BC9E34E81E524A2200B8604F;
			remoteInfo = GPUImage_iOS;
		};
/* End PBXContainerItemProxy section */

/* Begin PBXCopyFilesBuildPhase section */
		A6D348E32494D3A300BFF9EA /* Copy Files */ = {
			isa = PBXCopyFilesBuildPhase;
			buildActionMask = 2147483647;
			dstPath = "";
			dstSubfolderSpec = 10;
			files = (
				A6D348E42494D3C300BFF9EA /* GPUImage.framework in Copy Files */,
			);
			name = "Copy Files";
			runOnlyForDeploymentPostprocessing = 0;
		};
/* End PBXCopyFilesBuildPhase section */

/* Begin PBXFileReference section */
		A6D34176249488A200BFF9EA /* DwGPUImageLearning.app */ = {isa = PBXFileReference; explicitFileType = wrapper.application; includeInIndex = 0; path = DwGPUImageLearning.app; sourceTree = BUILT_PRODUCTS_DIR; };
		A6D34179249488A200BFF9EA /* AppDelegate.swift */ = {isa = PBXFileReference; lastKnownFileType = sourcecode.swift; path = AppDelegate.swift; sourceTree = "<group>"; };
		A6D3417B249488A200BFF9EA /* SceneDelegate.swift */ = {isa = PBXFileReference; lastKnownFileType = sourcecode.swift; path = SceneDelegate.swift; sourceTree = "<group>"; };
		A6D3417D249488A200BFF9EA /* SepiaToneViewController.swift */ = {isa = PBXFileReference; lastKnownFileType = sourcecode.swift; path = SepiaToneViewController.swift; sourceTree = "<group>"; };
		A6D34180249488A200BFF9EA /* Base */ = {isa = PBXFileReference; lastKnownFileType = file.storyboard; name = Base; path = Base.lproj/Main.storyboard; sourceTree = "<group>"; };
		A6D34182249488A500BFF9EA /* Assets.xcassets */ = {isa = PBXFileReference; lastKnownFileType = folder.assetcatalog; path = Assets.xcassets; sourceTree = "<group>"; };
		A6D34185249488A500BFF9EA /* Base */ = {isa = PBXFileReference; lastKnownFileType = file.storyboard; name = Base; path = Base.lproj/LaunchScreen.storyboard; sourceTree = "<group>"; };
		A6D34187249488A500BFF9EA /* Info.plist */ = {isa = PBXFileReference; lastKnownFileType = text.plist.xml; path = Info.plist; sourceTree = "<group>"; };
		A6D3471C2494D36100BFF9EA /* GPUImage.xcodeproj */ = {isa = PBXFileReference; lastKnownFileType = "wrapper.pb-project"; path = GPUImage.xcodeproj; sourceTree = "<group>"; };
		A6D348E72494D46F00BFF9EA /* fanqie.jpg */ = {isa = PBXFileReference; lastKnownFileType = image.jpeg; path = fanqie.jpg; sourceTree = "<group>"; };
		A6D348ED2495186900BFF9EA /* Filter.storyboard */ = {isa = PBXFileReference; lastKnownFileType = file.storyboard; path = Filter.storyboard; sourceTree = "<group>"; };
/* End PBXFileReference section */

/* Begin PBXFrameworksBuildPhase section */
		A6D34173249488A200BFF9EA /* Frameworks */ = {
			isa = PBXFrameworksBuildPhase;
			buildActionMask = 2147483647;
			files = (
			);
			runOnlyForDeploymentPostprocessing = 0;
		};
/* End PBXFrameworksBuildPhase section */

/* Begin PBXGroup section */
		A6D3416D249488A200BFF9EA = {
			isa = PBXGroup;
			children = (
				A6D345482494D35F00BFF9EA /* framework */,
				A6D34178249488A200BFF9EA /* DwGPUImageLearning */,
				A6D34177249488A200BFF9EA /* Products */,
			);
			sourceTree = "<group>";
		};
		A6D34177249488A200BFF9EA /* Products */ = {
			isa = PBXGroup;
			children = (
				A6D34176249488A200BFF9EA /* DwGPUImageLearning.app */,
			);
			name = Products;
			sourceTree = "<group>";
		};
		A6D34178249488A200BFF9EA /* DwGPUImageLearning */ = {
			isa = PBXGroup;
			children = (
				A6D348E92494DBD000BFF9EA /* Example */,
				A6D345282494890300BFF9EA /* Resources */,
				A6D34179249488A200BFF9EA /* AppDelegate.swift */,
				A6D3417B249488A200BFF9EA /* SceneDelegate.swift */,
				A6D3417F249488A200BFF9EA /* Main.storyboard */,
			);
			path = DwGPUImageLearning;
			sourceTree = "<group>";
		};
		A6D345282494890300BFF9EA /* Resources */ = {
			isa = PBXGroup;
			children = (
				A6D348E72494D46F00BFF9EA /* fanqie.jpg */,
				A6D34182249488A500BFF9EA /* Assets.xcassets */,
				A6D34184249488A500BFF9EA /* LaunchScreen.storyboard */,
				A6D34187249488A500BFF9EA /* Info.plist */,
			);
			path = Resources;
			sourceTree = "<group>";
		};
		A6D345482494D35F00BFF9EA /* framework */ = {
			isa = PBXGroup;
			children = (
				A6D3471C2494D36100BFF9EA /* GPUImage.xcodeproj */,
			);
			path = framework;
			sourceTree = "<group>";
		};
		A6D3471D2494D36100BFF9EA /* Products */ = {
			isa = PBXGroup;
			children = (
				A6D347242494D36100BFF9EA /* GPUImage.framework */,
				A6D347262494D36100BFF9EA /* GPUImageTests_macOS.xctest */,
				A6D347282494D36100BFF9EA /* GPUImage.framework */,
				A6D3472A2494D36100BFF9EA /* GPUImageTests_iOS.xctest */,
			);
			name = Products;
			sourceTree = "<group>";
		};
		A6D348E92494DBD000BFF9EA /* Example */ = {
			isa = PBXGroup;
			children = (
				A6D348EA2494DBE800BFF9EA /* Filter */,
			);
			path = Example;
			sourceTree = "<group>";
		};
		A6D348EA2494DBE800BFF9EA /* Filter */ = {
			isa = PBXGroup;
			children = (
				A6D3417D249488A200BFF9EA /* SepiaToneViewController.swift */,
				A6D348ED2495186900BFF9EA /* Filter.storyboard */,
			);
			path = Filter;
			sourceTree = "<group>";
		};
/* End PBXGroup section */

/* Begin PBXNativeTarget section */
		A6D34175249488A200BFF9EA /* DwGPUImageLearning */ = {
			isa = PBXNativeTarget;
			buildConfigurationList = A6D3418A249488A500BFF9EA /* Build configuration list for PBXNativeTarget "DwGPUImageLearning" */;
			buildPhases = (
				A6D34172249488A200BFF9EA /* Sources */,
				A6D34173249488A200BFF9EA /* Frameworks */,
				A6D34174249488A200BFF9EA /* Resources */,
				A6D348E32494D3A300BFF9EA /* Copy Files */,
			);
			buildRules = (
			);
			dependencies = (
				A6D348E62494D3E300BFF9EA /* PBXTargetDependency */,
			);
			name = DwGPUImageLearning;
			productName = DwGPUImageLearning;
			productReference = A6D34176249488A200BFF9EA /* DwGPUImageLearning.app */;
			productType = "com.apple.product-type.application";
		};
/* End PBXNativeTarget section */

/* Begin PBXProject section */
		A6D3416E249488A200BFF9EA /* Project object */ = {
			isa = PBXProject;
			attributes = {
				LastSwiftUpdateCheck = 1150;
				LastUpgradeCheck = 1150;
				ORGANIZATIONNAME = davidandty;
				TargetAttributes = {
					A6D34175249488A200BFF9EA = {
						CreatedOnToolsVersion = 11.5;
					};
				};
			};
			buildConfigurationList = A6D34171249488A200BFF9EA /* Build configuration list for PBXProject "DwGPUImageLearning" */;
			compatibilityVersion = "Xcode 9.3";
			developmentRegion = en;
			hasScannedForEncodings = 0;
			knownRegions = (
				en,
				Base,
			);
			mainGroup = A6D3416D249488A200BFF9EA;
			productRefGroup = A6D34177249488A200BFF9EA /* Products */;
			projectDirPath = "";
			projectReferences = (
				{
					ProductGroup = A6D3471D2494D36100BFF9EA /* Products */;
					ProjectRef = A6D3471C2494D36100BFF9EA /* GPUImage.xcodeproj */;
				},
			);
			projectRoot = "";
			targets = (
				A6D34175249488A200BFF9EA /* DwGPUImageLearning */,
			);
		};
/* End PBXProject section */

/* Begin PBXReferenceProxy section */
		A6D347242494D36100BFF9EA /* GPUImage.framework */ = {
			isa = PBXReferenceProxy;
			fileType = wrapper.framework;
			path = GPUImage.framework;
			remoteRef = A6D347232494D36100BFF9EA /* PBXContainerItemProxy */;
			sourceTree = BUILT_PRODUCTS_DIR;
		};
		A6D347262494D36100BFF9EA /* GPUImageTests_macOS.xctest */ = {
			isa = PBXReferenceProxy;
			fileType = wrapper.cfbundle;
			path = GPUImageTests_macOS.xctest;
			remoteRef = A6D347252494D36100BFF9EA /* PBXContainerItemProxy */;
			sourceTree = BUILT_PRODUCTS_DIR;
		};
		A6D347282494D36100BFF9EA /* GPUImage.framework */ = {
			isa = PBXReferenceProxy;
			fileType = wrapper.framework;
			path = GPUImage.framework;
			remoteRef = A6D347272494D36100BFF9EA /* PBXContainerItemProxy */;
			sourceTree = BUILT_PRODUCTS_DIR;
		};
		A6D3472A2494D36100BFF9EA /* GPUImageTests_iOS.xctest */ = {
			isa = PBXReferenceProxy;
			fileType = wrapper.cfbundle;
			path = GPUImageTests_iOS.xctest;
			remoteRef = A6D347292494D36100BFF9EA /* PBXContainerItemProxy */;
			sourceTree = BUILT_PRODUCTS_DIR;
		};
/* End PBXReferenceProxy section */

/* Begin PBXResourcesBuildPhase section */
		A6D34174249488A200BFF9EA /* Resources */ = {
			isa = PBXResourcesBuildPhase;
			buildActionMask = 2147483647;
			files = (
				A6D34186249488A500BFF9EA /* LaunchScreen.storyboard in Resources */,
				A6D34183249488A500BFF9EA /* Assets.xcassets in Resources */,
				A6D348EE2495186900BFF9EA /* Filter.storyboard in Resources */,
				A6D348E82494D46F00BFF9EA /* fanqie.jpg in Resources */,
				A6D34181249488A200BFF9EA /* Main.storyboard in Resources */,
			);
			runOnlyForDeploymentPostprocessing = 0;
		};
/* End PBXResourcesBuildPhase section */

/* Begin PBXSourcesBuildPhase section */
		A6D34172249488A200BFF9EA /* Sources */ = {
			isa = PBXSourcesBuildPhase;
			buildActionMask = 2147483647;
			files = (
				A6D3417E249488A200BFF9EA /* SepiaToneViewController.swift in Sources */,
				A6D3417A249488A200BFF9EA /* AppDelegate.swift in Sources */,
				A6D3417C249488A200BFF9EA /* SceneDelegate.swift in Sources */,
			);
			runOnlyForDeploymentPostprocessing = 0;
		};
/* End PBXSourcesBuildPhase section */

/* Begin PBXTargetDependency section */
		A6D348E62494D3E300BFF9EA /* PBXTargetDependency */ = {
			isa = PBXTargetDependency;
			name = GPUImage_iOS;
			targetProxy = A6D348E52494D3E300BFF9EA /* PBXContainerItemProxy */;
		};
/* End PBXTargetDependency section */

/* Begin PBXVariantGroup section */
		A6D3417F249488A200BFF9EA /* Main.storyboard */ = {
			isa = PBXVariantGroup;
			children = (
				A6D34180249488A200BFF9EA /* Base */,
			);
			name = Main.storyboard;
			sourceTree = "<group>";
		};
		A6D34184249488A500BFF9EA /* LaunchScreen.storyboard */ = {
			isa = PBXVariantGroup;
			children = (
				A6D34185249488A500BFF9EA /* Base */,
			);
			name = LaunchScreen.storyboard;
			sourceTree = "<group>";
		};
/* End PBXVariantGroup section */

/* Begin XCBuildConfiguration section */
		A6D34188249488A500BFF9EA /* Debug */ = {
			isa = XCBuildConfiguration;
			buildSettings = {
				ALWAYS_SEARCH_USER_PATHS = NO;
				CLANG_ANALYZER_NONNULL = YES;
				CLANG_ANALYZER_NUMBER_OBJECT_CONVERSION = YES_AGGRESSIVE;
				CLANG_CXX_LANGUAGE_STANDARD = "gnu++14";
				CLANG_CXX_LIBRARY = "libc++";
				CLANG_ENABLE_MODULES = YES;
				CLANG_ENABLE_OBJC_ARC = YES;
				CLANG_ENABLE_OBJC_WEAK = YES;
				CLANG_WARN_BLOCK_CAPTURE_AUTORELEASING = YES;
				CLANG_WARN_BOOL_CONVERSION = YES;
				CLANG_WARN_COMMA = YES;
				CLANG_WARN_CONSTANT_CONVERSION = YES;
				CLANG_WARN_DEPRECATED_OBJC_IMPLEMENTATIONS = YES;
				CLANG_WARN_DIRECT_OBJC_ISA_USAGE = YES_ERROR;
				CLANG_WARN_DOCUMENTATION_COMMENTS = YES;
				CLANG_WARN_EMPTY_BODY = YES;
				CLANG_WARN_ENUM_CONVERSION = YES;
				CLANG_WARN_INFINITE_RECURSION = YES;
				CLANG_WARN_INT_CONVERSION = YES;
				CLANG_WARN_NON_LITERAL_NULL_CONVERSION = YES;
				CLANG_WARN_OBJC_IMPLICIT_RETAIN_SELF = YES;
				CLANG_WARN_OBJC_LITERAL_CONVERSION = YES;
				CLANG_WARN_OBJC_ROOT_CLASS = YES_ERROR;
				CLANG_WARN_RANGE_LOOP_ANALYSIS = YES;
				CLANG_WARN_STRICT_PROTOTYPES = YES;
				CLANG_WARN_SUSPICIOUS_MOVE = YES;
				CLANG_WARN_UNGUARDED_AVAILABILITY = YES_AGGRESSIVE;
				CLANG_WARN_UNREACHABLE_CODE = YES;
				CLANG_WARN__DUPLICATE_METHOD_MATCH = YES;
				COPY_PHASE_STRIP = NO;
				DEBUG_INFORMATION_FORMAT = dwarf;
				ENABLE_STRICT_OBJC_MSGSEND = YES;
				ENABLE_TESTABILITY = YES;
				GCC_C_LANGUAGE_STANDARD = gnu11;
				GCC_DYNAMIC_NO_PIC = NO;
				GCC_NO_COMMON_BLOCKS = YES;
				GCC_OPTIMIZATION_LEVEL = 0;
				GCC_PREPROCESSOR_DEFINITIONS = (
					"DEBUG=1",
					"$(inherited)",
				);
				GCC_WARN_64_TO_32_BIT_CONVERSION = YES;
				GCC_WARN_ABOUT_RETURN_TYPE = YES_ERROR;
				GCC_WARN_UNDECLARED_SELECTOR = YES;
				GCC_WARN_UNINITIALIZED_AUTOS = YES_AGGRESSIVE;
				GCC_WARN_UNUSED_FUNCTION = YES;
				GCC_WARN_UNUSED_VARIABLE = YES;
				IPHONEOS_DEPLOYMENT_TARGET = 13.5;
				MTL_ENABLE_DEBUG_INFO = INCLUDE_SOURCE;
				MTL_FAST_MATH = YES;
				ONLY_ACTIVE_ARCH = YES;
				SDKROOT = iphoneos;
				SWIFT_ACTIVE_COMPILATION_CONDITIONS = DEBUG;
				SWIFT_OPTIMIZATION_LEVEL = "-Onone";
			};
			name = Debug;
		};
		A6D34189249488A500BFF9EA /* Release */ = {
			isa = XCBuildConfiguration;
			buildSettings = {
				ALWAYS_SEARCH_USER_PATHS = NO;
				CLANG_ANALYZER_NONNULL = YES;
				CLANG_ANALYZER_NUMBER_OBJECT_CONVERSION = YES_AGGRESSIVE;
				CLANG_CXX_LANGUAGE_STANDARD = "gnu++14";
				CLANG_CXX_LIBRARY = "libc++";
				CLANG_ENABLE_MODULES = YES;
				CLANG_ENABLE_OBJC_ARC = YES;
				CLANG_ENABLE_OBJC_WEAK = YES;
				CLANG_WARN_BLOCK_CAPTURE_AUTORELEASING = YES;
				CLANG_WARN_BOOL_CONVERSION = YES;
				CLANG_WARN_COMMA = YES;
				CLANG_WARN_CONSTANT_CONVERSION = YES;
				CLANG_WARN_DEPRECATED_OBJC_IMPLEMENTATIONS = YES;
				CLANG_WARN_DIRECT_OBJC_ISA_USAGE = YES_ERROR;
				CLANG_WARN_DOCUMENTATION_COMMENTS = YES;
				CLANG_WARN_EMPTY_BODY = YES;
				CLANG_WARN_ENUM_CONVERSION = YES;
				CLANG_WARN_INFINITE_RECURSION = YES;
				CLANG_WARN_INT_CONVERSION = YES;
				CLANG_WARN_NON_LITERAL_NULL_CONVERSION = YES;
				CLANG_WARN_OBJC_IMPLICIT_RETAIN_SELF = YES;
				CLANG_WARN_OBJC_LITERAL_CONVERSION = YES;
				CLANG_WARN_OBJC_ROOT_CLASS = YES_ERROR;
				CLANG_WARN_RANGE_LOOP_ANALYSIS = YES;
				CLANG_WARN_STRICT_PROTOTYPES = YES;
				CLANG_WARN_SUSPICIOUS_MOVE = YES;
				CLANG_WARN_UNGUARDED_AVAILABILITY = YES_AGGRESSIVE;
				CLANG_WARN_UNREACHABLE_CODE = YES;
				CLANG_WARN__DUPLICATE_METHOD_MATCH = YES;
				COPY_PHASE_STRIP = NO;
				DEBUG_INFORMATION_FORMAT = "dwarf-with-dsym";
				ENABLE_NS_ASSERTIONS = NO;
				ENABLE_STRICT_OBJC_MSGSEND = YES;
				GCC_C_LANGUAGE_STANDARD = gnu11;
				GCC_NO_COMMON_BLOCKS = YES;
				GCC_WARN_64_TO_32_BIT_CONVERSION = YES;
				GCC_WARN_ABOUT_RETURN_TYPE = YES_ERROR;
				GCC_WARN_UNDECLARED_SELECTOR = YES;
				GCC_WARN_UNINITIALIZED_AUTOS = YES_AGGRESSIVE;
				GCC_WARN_UNUSED_FUNCTION = YES;
				GCC_WARN_UNUSED_VARIABLE = YES;
				IPHONEOS_DEPLOYMENT_TARGET = 13.5;
				MTL_ENABLE_DEBUG_INFO = NO;
				MTL_FAST_MATH = YES;
				SDKROOT = iphoneos;
				SWIFT_COMPILATION_MODE = wholemodule;
				SWIFT_OPTIMIZATION_LEVEL = "-O";
				VALIDATE_PRODUCT = YES;
			};
			name = Release;
		};
		A6D3418B249488A500BFF9EA /* Debug */ = {
			isa = XCBuildConfiguration;
			buildSettings = {
				ASSETCATALOG_COMPILER_APPICON_NAME = AppIcon;
				CODE_SIGN_STYLE = Automatic;
				DEVELOPMENT_TEAM = L6U7BB57HF;
				INFOPLIST_FILE = DwGPUImageLearning/Resources/Info.plist;
				LD_RUNPATH_SEARCH_PATHS = (
					"$(inherited)",
					"@executable_path/Frameworks",
				);
				PRODUCT_BUNDLE_IDENTIFIER = com.davidandty.DwGPUImageLearning;
				PRODUCT_NAME = "$(TARGET_NAME)";
				SWIFT_VERSION = 5.0;
				TARGETED_DEVICE_FAMILY = "1,2";
			};
			name = Debug;
		};
		A6D3418C249488A500BFF9EA /* Release */ = {
			isa = XCBuildConfiguration;
			buildSettings = {
				ASSETCATALOG_COMPILER_APPICON_NAME = AppIcon;
				CODE_SIGN_STYLE = Automatic;
				DEVELOPMENT_TEAM = L6U7BB57HF;
				INFOPLIST_FILE = DwGPUImageLearning/Resources/Info.plist;
				LD_RUNPATH_SEARCH_PATHS = (
					"$(inherited)",
					"@executable_path/Frameworks",
				);
				PRODUCT_BUNDLE_IDENTIFIER = com.davidandty.DwGPUImageLearning;
				PRODUCT_NAME = "$(TARGET_NAME)";
				SWIFT_VERSION = 5.0;
				TARGETED_DEVICE_FAMILY = "1,2";
			};
			name = Release;
		};
/* End XCBuildConfiguration section */

/* Begin XCConfigurationList section */
		A6D34171249488A200BFF9EA /* Build configuration list for PBXProject "DwGPUImageLearning" */ = {
			isa = XCConfigurationList;
			buildConfigurations = (
				A6D34188249488A500BFF9EA /* Debug */,
				A6D34189249488A500BFF9EA /* Release */,
			);
			defaultConfigurationIsVisible = 0;
			defaultConfigurationName = Release;
		};
		A6D3418A249488A500BFF9EA /* Build configuration list for PBXNativeTarget "DwGPUImageLearning" */ = {
			isa = XCConfigurationList;
			buildConfigurations = (
				A6D3418B249488A500BFF9EA /* Debug */,
				A6D3418C249488A500BFF9EA /* Release */,
			);
			defaultConfigurationIsVisible = 0;
			defaultConfigurationName = Release;
		};
/* End XCConfigurationList section */
	};
	rootObject = A6D3416E249488A200BFF9EA /* Project object */;
}
